
Microsoft Visual Studio Solution File, Format Version 12.00
# Visual Studio 15
VisualStudioVersion = 15.0.28307.489
MinimumVisualStudioVersion = 10.0.40219.1
Project("{FAE04EC0-301F-11D3-BF4B-00C04F79EFBC}") = "HealthCatalyst", "HealthCatalyst\HealthCatalyst.csproj", "{B1875922-0011-4400-8E45-7BD861492C34}"
EndProject
Project("{FAE04EC0-301F-11D3-BF4B-00C04F79EFBC}") = "HealthCatalyst.Core", "HealthCatalyst.Core\HealthCatalyst.Core.csproj", "{4650477E-B26D-4A04-A233-CACDF5948E92}"
EndProject
Project("{FAE04EC0-301F-11D3-BF4B-00C04F79EFBC}") = "HealthCatalyst.Data", "HealthCatalyst.Data\HealthCatalyst.Data.csproj", "{4C3AA854-2DF4-4BAD-BBF2-0078CF3C9CC0}"
EndProject
Project("{FAE04EC0-301F-11D3-BF4B-00C04F79EFBC}") = "HealthCatalyst.Test", "HealthCatalyst.Test\HealthCatalyst.Test.csproj", "{7BF39AA0-3AAD-4265-89FE-FAF5DA303BB3}"
EndProject
Global
	GlobalSection(SolutionConfigurationPlatforms) = preSolution
		Debug|Any CPU = Debug|Any CPU
		Release|Any CPU = Release|Any CPU
	EndGlobalSection
	GlobalSection(ProjectConfigurationPlatforms) = postSolution
		{B1875922-0011-4400-8E45-7BD861492C34}.Debug|Any CPU.ActiveCfg = Debug|Any CPU
		{B1875922-0011-4400-8E45-7BD861492C34}.Debug|Any CPU.Build.0 = Debug|Any CPU
		{B1875922-0011-4400-8E45-7BD861492C34}.Release|Any CPU.ActiveCfg = Release|Any CPU
		{B1875922-0011-4400-8E45-7BD861492C34}.Release|Any CPU.Build.0 = Release|Any CPU
		{4650477E-B26D-4A04-A233-CACDF5948E92}.Debug|Any CPU.ActiveCfg = Debug|Any CPU
		{4650477E-B26D-4A04-A233-CACDF5948E92}.Debug|Any CPU.Build.0 = Debug|Any CPU
		{4650477E-B26D-4A04-A233-CACDF5948E92}.Release|Any CPU.ActiveCfg = Release|Any CPU
		{4650477E-B26D-4A04-A233-CACDF5948E92}.Release|Any CPU.Build.0 = Release|Any CPU
		{4C3AA854-2DF4-4BAD-BBF2-0078CF3C9CC0}.Debug|Any CPU.ActiveCfg = Debug|Any CPU
		{4C3AA854-2DF4-4BAD-BBF2-0078CF3C9CC0}.Debug|Any CPU.Build.0 = Debug|Any CPU
		{4C3AA854-2DF4-4BAD-BBF2-0078CF3C9CC0}.Release|Any CPU.ActiveCfg = Release|Any CPU
		{4C3AA854-2DF4-4BAD-BBF2-0078CF3C9CC0}.Release|Any CPU.Build.0 = Release|Any CPU
		{7BF39AA0-3AAD-4265-89FE-FAF5DA303BB3}.Debug|Any CPU.ActiveCfg = Debug|Any CPU
		{7BF39AA0-3AAD-4265-89FE-FAF5DA303BB3}.Debug|Any CPU.Build.0 = Debug|Any CPU
		{7BF39AA0-3AAD-4265-89FE-FAF5DA303BB3}.Release|Any CPU.ActiveCfg = Release|Any CPU
		{7BF39AA0-3AAD-4265-89FE-FAF5DA303BB3}.Release|Any CPU.Build.0 = Release|Any CPU
	EndGlobalSection
	GlobalSection(SolutionProperties) = preSolution
		HideSolutionNode = FALSE
	EndGlobalSection
	GlobalSection(ExtensibilityGlobals) = postSolution
		SolutionGuid = {15D00E4B-C0C8-42C2-B5E6-3001335A59EF}
	EndGlobalSection
EndGlobal
